{
  "name": "@nexrender/types",
  "version": "1.8.16",
  "lockfileVersion": 1,
  "requires": true,
  "dependencies": {
    "nanoid": {
      "version": "2.1.8",
      "resolved": "https://registry.npmjs.org/nanoid/-/nanoid-2.1.8.tgz",
      "integrity": "sha512-g1z+n5s26w0TGKh7gjn7HCqurNKMZWzH08elXzh/gM/csQHd/UqDV6uxMghQYg9IvqRPm1QpeMk50YMofHvEjQ=="
    }
  }
}
